schema: '2.0'
stages:
  train:
    cmd: python py_code.py
    deps:
    - path: Iris.csv
      md5: 8aaca2020776d4fc88141ae240d23964
      size: 4672
    - path: py_code.py
      md5: 525e793a0d7448233660d4eee12a8b3a
      size: 2242
    outs:
    - path: models\Decision_Tree_model
      md5: bb06e9d88f92c3e3da1e1391e637a563
      size: 1262
    - path: models\Random_Forest_model
      md5: 27c2f975669a02fc52f33c80dd21a8f0
      size: 39673
