schema: '2.0'
stages:
  train:
    cmd: python py_code.py
    deps:
    - path: Iris.csv
      md5: a417e6e92014304c6af64cfa9340d545
      size: 4439
    - path: py_code.py
      md5: 4f19a77f89d90552ecc511ab7cddad21
      size: 2290
    outs:
    - path: models\Decision_Tree_model
      md5: 1fdc6c5b3584e33d9a54a580c13a98e0
      size: 1588
    - path: models\Random_Forest_model
      md5: 3cf22cf6256d34349ab4f31fc01275e8
      size: 72766
